github.com/sago35/tinyfont v0.0.0-20200325133019-365847636545 h1:9eavGgVePW7jseMt46pfSI99UX8SGKgTN+tnRyv16LM=
github.com/sago35/tinyfont v0.0.0-20200325133019-365847636545/go.mod h1:/eOu+MQ307e/Yr+iDGJcvwiGdRPQLq3XV6AuOws5ZYo=
github.com/tinygo-org/tinyfont v0.0.0-20200313072306-29efd7cd05af h1:yETAVxUl5X96228phv5luAhkwg2srzK23LMFPnsmubE=
github.com/tinygo-org/tinyfont v0.0.0-20200313072306-29efd7cd05af/go.mod h1:CryxOVIwUKHOs18vVfual3eL7dV4XKVX4J2+bOed3cE=
tinygo.org/x/drivers v0.11.0 h1:7K08UXjtjmgEqutIzBuzkehi7pdPP2rUaIYQ80ndUbM=
tinygo.org/x/drivers v0.11.0/go.mod h1:+v9+EIQbz1pn/l6RmwnqdsOQdQ3eN2GGTTh6bJffra4=
tinygo.org/x/tinyfont v0.0.0-20200127084049-a38302df380a h1:5s78ANUNUp4CY+wmDpKGq4W+3+msGFojC5VWCySWaaQ=
tinygo.org/x/tinyfont v0.0.0-20200127084049-a38302df380a/go.mod h1:qSsoGM/SeihrsfFdzQeM2WCOMcivu0dKwB0YAsrwHwU=
